PODS:
  - Alamofire (5.2.1)
  - CKLNetwork (0.0.4):
    - Alamofire (~> 5.2.1)

DEPENDENCIES:
  - Alamofire (~> 5.2.1)
  - CKLNetwork (from `../`)

SPEC REPOS:
  https://github.com/CocoaPods/Specs:
    - Alamofire

EXTERNAL SOURCES:
  CKLNetwork:
    :path: "../"

SPEC CHECKSUMS:
  Alamofire: e911732990610fe89af59ac0077f923d72dc3dfd
  CKLNetwork: 297d1bb72bd631be4efe73646ff1896a9e77b36b

PODFILE CHECKSUM: 664efb198c81e8d98a58d1903f4b0604b9a4a7b5

COCOAPODS: 1.9.3
