// !$*UTF8*$!
{
	archiveVersion = 1;
	classes = {
	};
	objectVersion = 46;
	objects = {

/* Begin PBXBuildFile section */
		027F5807B51ABFBD30829AD7 /* Pods_CKLNetworkLibrary_Example.framework in Frameworks */ = {isa = PBXBuildFile; fileRef = AE9F59D759773275BA2D225D /* Pods_CKLNetworkLibrary_Example.framework */; };
		1B7D7B5224BC925800B10F7C /* AppCoordinator.swift in Sources */ = {isa = PBXBuildFile; fileRef = 1B7D7B3424BC925800B10F7C /* AppCoordinator.swift */; };
		1B7D7B5324BC925800B10F7C /* NSObject+Extension.swift in Sources */ = {isa = PBXBuildFile; fileRef = 1B7D7B3624BC925800B10F7C /* NSObject+Extension.swift */; };
		1B7D7B5424BC925800B10F7C /* String+Extension.swift in Sources */ = {isa = PBXBuildFile; fileRef = 1B7D7B3724BC925800B10F7C /* String+Extension.swift */; };
		1B7D7B5524BC925800B10F7C /* Assets.xcassets in Resources */ = {isa = PBXBuildFile; fileRef = 1B7D7B3924BC925800B10F7C /* Assets.xcassets */; };
		1B7D7B5624BC925800B10F7C /* LaunchScreen.storyboard in Resources */ = {isa = PBXBuildFile; fileRef = 1B7D7B3A24BC925800B10F7C /* LaunchScreen.storyboard */; };
		1B7D7B5924BC925800B10F7C /* ExempleViewModel.swift in Sources */ = {isa = PBXBuildFile; fileRef = 1B7D7B4124BC925800B10F7C /* ExempleViewModel.swift */; };
		1B7D7B5A24BC925800B10F7C /* ExempleCoordinator.swift in Sources */ = {isa = PBXBuildFile; fileRef = 1B7D7B4324BC925800B10F7C /* ExempleCoordinator.swift */; };
		1B7D7B5B24BC925800B10F7C /* ResponseTest.swift in Sources */ = {isa = PBXBuildFile; fileRef = 1B7D7B4524BC925800B10F7C /* ResponseTest.swift */; };
		1B7D7B5D24BC925800B10F7C /* ExempleService.swift in Sources */ = {isa = PBXBuildFile; fileRef = 1B7D7B4924BC925800B10F7C /* ExempleService.swift */; };
		1B7D7B5E24BC925800B10F7C /* ExempleResources.swift in Sources */ = {isa = PBXBuildFile; fileRef = 1B7D7B4A24BC925800B10F7C /* ExempleResources.swift */; };
		1B7D7B5F24BC925800B10F7C /* ExempleViewController.swift in Sources */ = {isa = PBXBuildFile; fileRef = 1B7D7B4C24BC925800B10F7C /* ExempleViewController.swift */; };
		1B7D7B6224BC925800B10F7C /* Dynamic.swift in Sources */ = {isa = PBXBuildFile; fileRef = 1B7D7B5024BC925800B10F7C /* Dynamic.swift */; };
		1B7D7B6324BC925800B10F7C /* Config.swift in Sources */ = {isa = PBXBuildFile; fileRef = 1B7D7B5124BC925800B10F7C /* Config.swift */; };
		1B7D7B6524BC92A900B10F7C /* AppDelegate.swift in Sources */ = {isa = PBXBuildFile; fileRef = 1B7D7B6424BC92A900B10F7C /* AppDelegate.swift */; };
		1B7D7B6F24BC932800B10F7C /* FileDecoder.swift in Sources */ = {isa = PBXBuildFile; fileRef = 1B7D7B6824BC932700B10F7C /* FileDecoder.swift */; };
		1B7D7B7024BC932800B10F7C /* Mocks.swift in Sources */ = {isa = PBXBuildFile; fileRef = 1B7D7B6924BC932700B10F7C /* Mocks.swift */; };
		1B7D7B7624BC9FA600B10F7C /* responseTest.json in Resources */ = {isa = PBXBuildFile; fileRef = 1B7D7B6C24BC932800B10F7C /* responseTest.json */; };
		1B7D7B7724BC9FA600B10F7C /* responseTest.json in Resources */ = {isa = PBXBuildFile; fileRef = 1B7D7B6C24BC932800B10F7C /* responseTest.json */; };
		1B7D7B7824BC9FA800B10F7C /* responseEmpty.json in Resources */ = {isa = PBXBuildFile; fileRef = 1B7D7B6D24BC932800B10F7C /* responseEmpty.json */; };
		1B7D7B7924BC9FA900B10F7C /* responseEmpty.json in Resources */ = {isa = PBXBuildFile; fileRef = 1B7D7B6D24BC932800B10F7C /* responseEmpty.json */; };
		1B7D7B7A24BC9FAC00B10F7C /* Mocks.swift in Sources */ = {isa = PBXBuildFile; fileRef = 1B7D7B6924BC932700B10F7C /* Mocks.swift */; };
		1B7D7B7B24BC9FAF00B10F7C /* FileDecoder.swift in Sources */ = {isa = PBXBuildFile; fileRef = 1B7D7B6824BC932700B10F7C /* FileDecoder.swift */; };
		1B7D7B8124BDCD8300B10F7C /* ResponseTest.swift in Sources */ = {isa = PBXBuildFile; fileRef = 1B7D7B4524BC925800B10F7C /* ResponseTest.swift */; };
		1B7D7B8224BDCD8E00B10F7C /* ExempleService.swift in Sources */ = {isa = PBXBuildFile; fileRef = 1B7D7B4924BC925800B10F7C /* ExempleService.swift */; };
		1B7D7B8324BDCD8E00B10F7C /* ExempleResources.swift in Sources */ = {isa = PBXBuildFile; fileRef = 1B7D7B4A24BC925800B10F7C /* ExempleResources.swift */; };
		1B7D7B8424BDCD9400B10F7C /* ExempleCoordinator.swift in Sources */ = {isa = PBXBuildFile; fileRef = 1B7D7B4324BC925800B10F7C /* ExempleCoordinator.swift */; };
		1B7D7B8524BDCD9800B10F7C /* ExempleViewModel.swift in Sources */ = {isa = PBXBuildFile; fileRef = 1B7D7B4124BC925800B10F7C /* ExempleViewModel.swift */; };
		1B7D7B8624BDCDB400B10F7C /* NSObject+Extension.swift in Sources */ = {isa = PBXBuildFile; fileRef = 1B7D7B3624BC925800B10F7C /* NSObject+Extension.swift */; };
		1B7D7B8724BDCDB400B10F7C /* String+Extension.swift in Sources */ = {isa = PBXBuildFile; fileRef = 1B7D7B3724BC925800B10F7C /* String+Extension.swift */; };
		1B7D7B8924BDCDB900B10F7C /* Dynamic.swift in Sources */ = {isa = PBXBuildFile; fileRef = 1B7D7B5024BC925800B10F7C /* Dynamic.swift */; };
		1B7D7B8A24BDCDB900B10F7C /* Config.swift in Sources */ = {isa = PBXBuildFile; fileRef = 1B7D7B5124BC925800B10F7C /* Config.swift */; };
		1B7D7B8B24BDCDBC00B10F7C /* AppDelegate.swift in Sources */ = {isa = PBXBuildFile; fileRef = 1B7D7B6424BC92A900B10F7C /* AppDelegate.swift */; };
		1B7D7B8C24BDCDBC00B10F7C /* AppCoordinator.swift in Sources */ = {isa = PBXBuildFile; fileRef = 1B7D7B3424BC925800B10F7C /* AppCoordinator.swift */; };
		1B7D7B8F24BDCDE000B10F7C /* ExempleViewController.swift in Sources */ = {isa = PBXBuildFile; fileRef = 1B7D7B4C24BC925800B10F7C /* ExempleViewController.swift */; };
		1B7D7B9124BDCFA000B10F7C /* ExempleViewController.xib in Resources */ = {isa = PBXBuildFile; fileRef = 1B7D7B9024BDCFA000B10F7C /* ExempleViewController.xib */; };
		1B7D7B9324BDD27100B10F7C /* UIViewController+Extension.swift in Sources */ = {isa = PBXBuildFile; fileRef = 1B7D7B9224BDD27100B10F7C /* UIViewController+Extension.swift */; };
		1B7D7B9424BDD53800B10F7C /* UIViewController+Extension.swift in Sources */ = {isa = PBXBuildFile; fileRef = 1B7D7B9224BDD27100B10F7C /* UIViewController+Extension.swift */; };
		1B7D7B9524BDDAFB00B10F7C /* Config.plist in Resources */ = {isa = PBXBuildFile; fileRef = 1B7D7B3C24BC925800B10F7C /* Config.plist */; };
		1B7D7B9824BDDCDC00B10F7C /* ExempleStub.swift in Sources */ = {isa = PBXBuildFile; fileRef = 1B7D7B9724BDDCDC00B10F7C /* ExempleStub.swift */; };
		1B7D7B9924BDDCE000B10F7C /* ExempleStub.swift in Sources */ = {isa = PBXBuildFile; fileRef = 1B7D7B9724BDDCDC00B10F7C /* ExempleStub.swift */; };
		1B7D7B9B24BDDE3800B10F7C /* ExempleTests.swift in Sources */ = {isa = PBXBuildFile; fileRef = 1B7D7B9A24BDDE3800B10F7C /* ExempleTests.swift */; };
		50F6F035BF1FCE6E429976A6 /* Pods_CKLNetworkLibrary_Tests.framework in Frameworks */ = {isa = PBXBuildFile; fileRef = E93EDD25DADD0C1B342A8CC3 /* Pods_CKLNetworkLibrary_Tests.framework */; };
/* End PBXBuildFile section */

/* Begin PBXContainerItemProxy section */
		607FACE61AFB9204008FA782 /* PBXContainerItemProxy */ = {
			isa = PBXContainerItemProxy;
			containerPortal = 607FACC81AFB9204008FA782 /* Project object */;
			proxyType = 1;
			remoteGlobalIDString = 607FACCF1AFB9204008FA782;
			remoteInfo = CKLNetworkLibrary;
		};
/* End PBXContainerItemProxy section */

/* Begin PBXFileReference section */
		1B7D7B3424BC925800B10F7C /* AppCoordinator.swift */ = {isa = PBXFileReference; fileEncoding = 4; lastKnownFileType = sourcecode.swift; path = AppCoordinator.swift; sourceTree = "<group>"; };
		1B7D7B3624BC925800B10F7C /* NSObject+Extension.swift */ = {isa = PBXFileReference; fileEncoding = 4; lastKnownFileType = sourcecode.swift; path = "NSObject+Extension.swift"; sourceTree = "<group>"; };
		1B7D7B3724BC925800B10F7C /* String+Extension.swift */ = {isa = PBXFileReference; fileEncoding = 4; lastKnownFileType = sourcecode.swift; path = "String+Extension.swift"; sourceTree = "<group>"; };
		1B7D7B3924BC925800B10F7C /* Assets.xcassets */ = {isa = PBXFileReference; lastKnownFileType = folder.assetcatalog; path = Assets.xcassets; sourceTree = "<group>"; };
		1B7D7B3B24BC925800B10F7C /* Base */ = {isa = PBXFileReference; lastKnownFileType = file.storyboard; name = Base; path = Base.lproj/LaunchScreen.storyboard; sourceTree = "<group>"; };
		1B7D7B3C24BC925800B10F7C /* Config.plist */ = {isa = PBXFileReference; fileEncoding = 4; lastKnownFileType = text.plist.xml; path = Config.plist; sourceTree = "<group>"; };
		1B7D7B3D24BC925800B10F7C /* Info.plist */ = {isa = PBXFileReference; fileEncoding = 4; lastKnownFileType = text.plist.xml; path = Info.plist; sourceTree = "<group>"; };
		1B7D7B4124BC925800B10F7C /* ExempleViewModel.swift */ = {isa = PBXFileReference; fileEncoding = 4; lastKnownFileType = sourcecode.swift; path = ExempleViewModel.swift; sourceTree = "<group>"; };
		1B7D7B4324BC925800B10F7C /* ExempleCoordinator.swift */ = {isa = PBXFileReference; fileEncoding = 4; lastKnownFileType = sourcecode.swift; path = ExempleCoordinator.swift; sourceTree = "<group>"; };
		1B7D7B4524BC925800B10F7C /* ResponseTest.swift */ = {isa = PBXFileReference; fileEncoding = 4; lastKnownFileType = sourcecode.swift; path = ResponseTest.swift; sourceTree = "<group>"; };
		1B7D7B4924BC925800B10F7C /* ExempleService.swift */ = {isa = PBXFileReference; fileEncoding = 4; lastKnownFileType = sourcecode.swift; path = ExempleService.swift; sourceTree = "<group>"; };
		1B7D7B4A24BC925800B10F7C /* ExempleResources.swift */ = {isa = PBXFileReference; fileEncoding = 4; lastKnownFileType = sourcecode.swift; path = ExempleResources.swift; sourceTree = "<group>"; };
		1B7D7B4C24BC925800B10F7C /* ExempleViewController.swift */ = {isa = PBXFileReference; fileEncoding = 4; lastKnownFileType = sourcecode.swift; path = ExempleViewController.swift; sourceTree = "<group>"; };
		1B7D7B4D24BC925800B10F7C /* AppDelegate.swift */ = {isa = PBXFileReference; fileEncoding = 4; lastKnownFileType = sourcecode.swift; path = AppDelegate.swift; sourceTree = "<group>"; };
		1B7D7B5024BC925800B10F7C /* Dynamic.swift */ = {isa = PBXFileReference; fileEncoding = 4; lastKnownFileType = sourcecode.swift; path = Dynamic.swift; sourceTree = "<group>"; };
		1B7D7B5124BC925800B10F7C /* Config.swift */ = {isa = PBXFileReference; fileEncoding = 4; lastKnownFileType = sourcecode.swift; path = Config.swift; sourceTree = "<group>"; };
		1B7D7B6424BC92A900B10F7C /* AppDelegate.swift */ = {isa = PBXFileReference; fileEncoding = 4; lastKnownFileType = sourcecode.swift; path = AppDelegate.swift; sourceTree = "<group>"; };
		1B7D7B6824BC932700B10F7C /* FileDecoder.swift */ = {isa = PBXFileReference; fileEncoding = 4; lastKnownFileType = sourcecode.swift; path = FileDecoder.swift; sourceTree = "<group>"; };
		1B7D7B6924BC932700B10F7C /* Mocks.swift */ = {isa = PBXFileReference; fileEncoding = 4; lastKnownFileType = sourcecode.swift; path = Mocks.swift; sourceTree = "<group>"; };
		1B7D7B6C24BC932800B10F7C /* responseTest.json */ = {isa = PBXFileReference; fileEncoding = 4; lastKnownFileType = text.json; path = responseTest.json; sourceTree = "<group>"; };
		1B7D7B6D24BC932800B10F7C /* responseEmpty.json */ = {isa = PBXFileReference; fileEncoding = 4; lastKnownFileType = text.json; path = responseEmpty.json; sourceTree = "<group>"; };
		1B7D7B8024BCED6900B10F7C /* Info.plist */ = {isa = PBXFileReference; fileEncoding = 4; lastKnownFileType = text.plist.xml; path = Info.plist; sourceTree = "<group>"; };
		1B7D7B9024BDCFA000B10F7C /* ExempleViewController.xib */ = {isa = PBXFileReference; lastKnownFileType = file.xib; path = ExempleViewController.xib; sourceTree = "<group>"; };
		1B7D7B9224BDD27100B10F7C /* UIViewController+Extension.swift */ = {isa = PBXFileReference; lastKnownFileType = sourcecode.swift; path = "UIViewController+Extension.swift"; sourceTree = "<group>"; };
		1B7D7B9724BDDCDC00B10F7C /* ExempleStub.swift */ = {isa = PBXFileReference; lastKnownFileType = sourcecode.swift; path = ExempleStub.swift; sourceTree = "<group>"; };
		1B7D7B9A24BDDE3800B10F7C /* ExempleTests.swift */ = {isa = PBXFileReference; lastKnownFileType = sourcecode.swift; path = ExempleTests.swift; sourceTree = "<group>"; };
		3821796040C2A5955A07B954 /* Pods-CKLNetworkLibrary_Tests.debug.xcconfig */ = {isa = PBXFileReference; includeInIndex = 1; lastKnownFileType = text.xcconfig; name = "Pods-CKLNetworkLibrary_Tests.debug.xcconfig"; path = "Target Support Files/Pods-CKLNetworkLibrary_Tests/Pods-CKLNetworkLibrary_Tests.debug.xcconfig"; sourceTree = "<group>"; };
		42D83859CC5521C89CBC1102 /* Pods-CKLNetworkLibrary_Example.debug.xcconfig */ = {isa = PBXFileReference; includeInIndex = 1; lastKnownFileType = text.xcconfig; name = "Pods-CKLNetworkLibrary_Example.debug.xcconfig"; path = "Target Support Files/Pods-CKLNetworkLibrary_Example/Pods-CKLNetworkLibrary_Example.debug.xcconfig"; sourceTree = "<group>"; };
		607FACD01AFB9204008FA782 /* CKLNetworkLibrary_Example.app */ = {isa = PBXFileReference; explicitFileType = wrapper.application; includeInIndex = 0; path = CKLNetworkLibrary_Example.app; sourceTree = BUILT_PRODUCTS_DIR; };
		607FACE51AFB9204008FA782 /* CKLNetworkLibrary_Tests.xctest */ = {isa = PBXFileReference; explicitFileType = wrapper.cfbundle; includeInIndex = 0; path = CKLNetworkLibrary_Tests.xctest; sourceTree = BUILT_PRODUCTS_DIR; };
		61AFECB3379A29C3C0D8B495 /* Pods-CKLNetworkLibrary_Tests.release.xcconfig */ = {isa = PBXFileReference; includeInIndex = 1; lastKnownFileType = text.xcconfig; name = "Pods-CKLNetworkLibrary_Tests.release.xcconfig"; path = "Target Support Files/Pods-CKLNetworkLibrary_Tests/Pods-CKLNetworkLibrary_Tests.release.xcconfig"; sourceTree = "<group>"; };
		AE9F59D759773275BA2D225D /* Pods_CKLNetworkLibrary_Example.framework */ = {isa = PBXFileReference; explicitFileType = wrapper.framework; includeInIndex = 0; path = Pods_CKLNetworkLibrary_Example.framework; sourceTree = BUILT_PRODUCTS_DIR; };
		C1A6E4C82BD2C5F7E8E8563C /* Pods-CKLNetworkLibrary_Example.release.xcconfig */ = {isa = PBXFileReference; includeInIndex = 1; lastKnownFileType = text.xcconfig; name = "Pods-CKLNetworkLibrary_Example.release.xcconfig"; path = "Target Support Files/Pods-CKLNetworkLibrary_Example/Pods-CKLNetworkLibrary_Example.release.xcconfig"; sourceTree = "<group>"; };
		D2563856C71819121746EBDF /* LICENSE */ = {isa = PBXFileReference; includeInIndex = 1; lastKnownFileType = text; name = LICENSE; path = ../LICENSE; sourceTree = "<group>"; };
		D858C05B9065C275A6D34415 /* README.md */ = {isa = PBXFileReference; includeInIndex = 1; lastKnownFileType = net.daringfireball.markdown; name = README.md; path = ../README.md; sourceTree = "<group>"; };
		E5BF9E4DDF9E96598AD72A12 /* CKLNetworkLibrary.podspec */ = {isa = PBXFileReference; includeInIndex = 1; lastKnownFileType = text; name = CKLNetworkLibrary.podspec; path = ../CKLNetworkLibrary.podspec; sourceTree = "<group>"; xcLanguageSpecificationIdentifier = xcode.lang.ruby; };
		E93EDD25DADD0C1B342A8CC3 /* Pods_CKLNetworkLibrary_Tests.framework */ = {isa = PBXFileReference; explicitFileType = wrapper.framework; includeInIndex = 0; path = Pods_CKLNetworkLibrary_Tests.framework; sourceTree = BUILT_PRODUCTS_DIR; };
/* End PBXFileReference section */

/* Begin PBXFrameworksBuildPhase section */
		607FACCD1AFB9204008FA782 /* Frameworks */ = {
			isa = PBXFrameworksBuildPhase;
			buildActionMask = 2147483647;
			files = (
				027F5807B51ABFBD30829AD7 /* Pods_CKLNetworkLibrary_Example.framework in Frameworks */,
			);
			runOnlyForDeploymentPostprocessing = 0;
		};
		607FACE21AFB9204008FA782 /* Frameworks */ = {
			isa = PBXFrameworksBuildPhase;
			buildActionMask = 2147483647;
			files = (
				50F6F035BF1FCE6E429976A6 /* Pods_CKLNetworkLibrary_Tests.framework in Frameworks */,
			);
			runOnlyForDeploymentPostprocessing = 0;
		};
/* End PBXFrameworksBuildPhase section */

/* Begin PBXGroup section */
		1B7D7B3524BC925800B10F7C /* Extension */ = {
			isa = PBXGroup;
			children = (
				1B7D7B3624BC925800B10F7C /* NSObject+Extension.swift */,
				1B7D7B3724BC925800B10F7C /* String+Extension.swift */,
				1B7D7B9224BDD27100B10F7C /* UIViewController+Extension.swift */,
			);
			path = Extension;
			sourceTree = "<group>";
		};
		1B7D7B3824BC925800B10F7C /* Resources */ = {
			isa = PBXGroup;
			children = (
				1B7D7B3924BC925800B10F7C /* Assets.xcassets */,
				1B7D7B3A24BC925800B10F7C /* LaunchScreen.storyboard */,
				1B7D7B3C24BC925800B10F7C /* Config.plist */,
				1B7D7B3D24BC925800B10F7C /* Info.plist */,
			);
			path = Resources;
			sourceTree = "<group>";
		};
		1B7D7B3E24BC925800B10F7C /* Components */ = {
			isa = PBXGroup;
			children = (
				1B7D7B3F24BC925800B10F7C /* ExempleView */,
			);
			path = Components;
			sourceTree = "<group>";
		};
		1B7D7B3F24BC925800B10F7C /* ExempleView */ = {
			isa = PBXGroup;
			children = (
				1B7D7B4624BC925800B10F7C /* View */,
				1B7D7B4B24BC925800B10F7C /* ViewController */,
				1B7D7B4024BC925800B10F7C /* ViewModel */,
				1B7D7B4224BC925800B10F7C /* Coordinator */,
				1B7D7B4824BC925800B10F7C /* Service */,
				1B7D7B4424BC925800B10F7C /* Model */,
			);
			path = ExempleView;
			sourceTree = "<group>";
		};
		1B7D7B4024BC925800B10F7C /* ViewModel */ = {
			isa = PBXGroup;
			children = (
				1B7D7B4124BC925800B10F7C /* ExempleViewModel.swift */,
			);
			path = ViewModel;
			sourceTree = "<group>";
		};
		1B7D7B4224BC925800B10F7C /* Coordinator */ = {
			isa = PBXGroup;
			children = (
				1B7D7B4324BC925800B10F7C /* ExempleCoordinator.swift */,
			);
			path = Coordinator;
			sourceTree = "<group>";
		};
		1B7D7B4424BC925800B10F7C /* Model */ = {
			isa = PBXGroup;
			children = (
				1B7D7B4524BC925800B10F7C /* ResponseTest.swift */,
			);
			path = Model;
			sourceTree = "<group>";
		};
		1B7D7B4624BC925800B10F7C /* View */ = {
			isa = PBXGroup;
			children = (
				1B7D7B9024BDCFA000B10F7C /* ExempleViewController.xib */,
			);
			path = View;
			sourceTree = "<group>";
		};
		1B7D7B4824BC925800B10F7C /* Service */ = {
			isa = PBXGroup;
			children = (
				1B7D7B4924BC925800B10F7C /* ExempleService.swift */,
				1B7D7B4A24BC925800B10F7C /* ExempleResources.swift */,
			);
			path = Service;
			sourceTree = "<group>";
		};
		1B7D7B4B24BC925800B10F7C /* ViewController */ = {
			isa = PBXGroup;
			children = (
				1B7D7B4C24BC925800B10F7C /* ExempleViewController.swift */,
			);
			path = ViewController;
			sourceTree = "<group>";
		};
		1B7D7B4E24BC925800B10F7C /* Helpers */ = {
			isa = PBXGroup;
			children = (
				1B7D7B5024BC925800B10F7C /* Dynamic.swift */,
				1B7D7B5124BC925800B10F7C /* Config.swift */,
			);
			path = Helpers;
			sourceTree = "<group>";
		};
		1B7D7B6624BC92DE00B10F7C /* Recovered References */ = {
			isa = PBXGroup;
			children = (
				1B7D7B4D24BC925800B10F7C /* AppDelegate.swift */,
			);
			name = "Recovered References";
			sourceTree = "<group>";
		};
		1B7D7B6724BC932700B10F7C /* Helpers */ = {
			isa = PBXGroup;
			children = (
				1B7D7B6824BC932700B10F7C /* FileDecoder.swift */,
				1B7D7B6924BC932700B10F7C /* Mocks.swift */,
			);
			path = Helpers;
			sourceTree = "<group>";
		};
		1B7D7B6B24BC932800B10F7C /* Mocks */ = {
			isa = PBXGroup;
			children = (
				1B7D7B6C24BC932800B10F7C /* responseTest.json */,
				1B7D7B6D24BC932800B10F7C /* responseEmpty.json */,
			);
			path = Mocks;
			sourceTree = "<group>";
		};
		1B7D7B9624BDDCBB00B10F7C /* ExempleTest */ = {
			isa = PBXGroup;
			children = (
				1B7D7B9724BDDCDC00B10F7C /* ExempleStub.swift */,
				1B7D7B9A24BDDE3800B10F7C /* ExempleTests.swift */,
			);
			path = ExempleTest;
			sourceTree = "<group>";
		};
		603F445ED1ABC064369B2903 /* Frameworks */ = {
			isa = PBXGroup;
			children = (
				AE9F59D759773275BA2D225D /* Pods_CKLNetworkLibrary_Example.framework */,
				E93EDD25DADD0C1B342A8CC3 /* Pods_CKLNetworkLibrary_Tests.framework */,
			);
			name = Frameworks;
			sourceTree = "<group>";
		};
		607FACC71AFB9204008FA782 = {
			isa = PBXGroup;
			children = (
				607FACF51AFB993E008FA782 /* Podspec Metadata */,
				607FACD21AFB9204008FA782 /* Example for CKLNetworkLibrary */,
				607FACE81AFB9204008FA782 /* Tests */,
				607FACD11AFB9204008FA782 /* Products */,
				BF2C2BA0CCDB99F12E4ADD5E /* Pods */,
				603F445ED1ABC064369B2903 /* Frameworks */,
				1B7D7B6624BC92DE00B10F7C /* Recovered References */,
			);
			sourceTree = "<group>";
		};
		607FACD11AFB9204008FA782 /* Products */ = {
			isa = PBXGroup;
			children = (
				607FACD01AFB9204008FA782 /* CKLNetworkLibrary_Example.app */,
				607FACE51AFB9204008FA782 /* CKLNetworkLibrary_Tests.xctest */,
			);
			name = Products;
			sourceTree = "<group>";
		};
		607FACD21AFB9204008FA782 /* Example for CKLNetworkLibrary */ = {
			isa = PBXGroup;
			children = (
				1B7D7B6424BC92A900B10F7C /* AppDelegate.swift */,
				1B7D7B3424BC925800B10F7C /* AppCoordinator.swift */,
				1B7D7B4E24BC925800B10F7C /* Helpers */,
				1B7D7B3524BC925800B10F7C /* Extension */,
				1B7D7B3824BC925800B10F7C /* Resources */,
				1B7D7B3E24BC925800B10F7C /* Components */,
			);
			name = "Example for CKLNetworkLibrary";
			path = CKLNetworkLibrary;
			sourceTree = "<group>";
		};
		607FACE81AFB9204008FA782 /* Tests */ = {
			isa = PBXGroup;
			children = (
				1B7D7B8024BCED6900B10F7C /* Info.plist */,
				1B7D7B6724BC932700B10F7C /* Helpers */,
				1B7D7B6B24BC932800B10F7C /* Mocks */,
				1B7D7B9624BDDCBB00B10F7C /* ExempleTest */,
			);
			path = Tests;
			sourceTree = "<group>";
		};
		607FACF51AFB993E008FA782 /* Podspec Metadata */ = {
			isa = PBXGroup;
			children = (
				E5BF9E4DDF9E96598AD72A12 /* CKLNetworkLibrary.podspec */,
				D858C05B9065C275A6D34415 /* README.md */,
				D2563856C71819121746EBDF /* LICENSE */,
			);
			name = "Podspec Metadata";
			sourceTree = "<group>";
		};
		BF2C2BA0CCDB99F12E4ADD5E /* Pods */ = {
			isa = PBXGroup;
			children = (
				42D83859CC5521C89CBC1102 /* Pods-CKLNetworkLibrary_Example.debug.xcconfig */,
				C1A6E4C82BD2C5F7E8E8563C /* Pods-CKLNetworkLibrary_Example.release.xcconfig */,
				3821796040C2A5955A07B954 /* Pods-CKLNetworkLibrary_Tests.debug.xcconfig */,
				61AFECB3379A29C3C0D8B495 /* Pods-CKLNetworkLibrary_Tests.release.xcconfig */,
			);
			path = Pods;
			sourceTree = "<group>";
		};
/* End PBXGroup section */

/* Begin PBXNativeTarget section */
		607FACCF1AFB9204008FA782 /* CKLNetworkLibrary_Example */ = {
			isa = PBXNativeTarget;
			buildConfigurationList = 607FACEF1AFB9204008FA782 /* Build configuration list for PBXNativeTarget "CKLNetworkLibrary_Example" */;
			buildPhases = (
				C5C4ADC77C7BA6DEE99D5E30 /* [CP] Check Pods Manifest.lock */,
				607FACCC1AFB9204008FA782 /* Sources */,
				607FACCD1AFB9204008FA782 /* Frameworks */,
				607FACCE1AFB9204008FA782 /* Resources */,
				AA2287B9EB60C2A446D6C0FC /* [CP] Embed Pods Frameworks */,
			);
			buildRules = (
			);
			dependencies = (
			);
			name = CKLNetworkLibrary_Example;
			productName = CKLNetworkLibrary;
			productReference = 607FACD01AFB9204008FA782 /* CKLNetworkLibrary_Example.app */;
			productType = "com.apple.product-type.application";
		};
		607FACE41AFB9204008FA782 /* CKLNetworkLibrary_Tests */ = {
			isa = PBXNativeTarget;
			buildConfigurationList = 607FACF21AFB9204008FA782 /* Build configuration list for PBXNativeTarget "CKLNetworkLibrary_Tests" */;
			buildPhases = (
				C507E3547281B08C408C15BF /* [CP] Check Pods Manifest.lock */,
				607FACE11AFB9204008FA782 /* Sources */,
				607FACE21AFB9204008FA782 /* Frameworks */,
				607FACE31AFB9204008FA782 /* Resources */,
			);
			buildRules = (
			);
			dependencies = (
				607FACE71AFB9204008FA782 /* PBXTargetDependency */,
			);
			name = CKLNetworkLibrary_Tests;
			productName = Tests;
			productReference = 607FACE51AFB9204008FA782 /* CKLNetworkLibrary_Tests.xctest */;
			productType = "com.apple.product-type.bundle.unit-test";
		};
/* End PBXNativeTarget section */

/* Begin PBXProject section */
		607FACC81AFB9204008FA782 /* Project object */ = {
			isa = PBXProject;
			attributes = {
				LastSwiftUpdateCheck = 0830;
				LastUpgradeCheck = 0830;
				ORGANIZATIONNAME = CocoaPods;
				TargetAttributes = {
					607FACCF1AFB9204008FA782 = {
						CreatedOnToolsVersion = 6.3.1;
						DevelopmentTeam = K3UK62DH5A;
						LastSwiftMigration = 0900;
					};
					607FACE41AFB9204008FA782 = {
						CreatedOnToolsVersion = 6.3.1;
						LastSwiftMigration = 0900;
						TestTargetID = 607FACCF1AFB9204008FA782;
					};
				};
			};
			buildConfigurationList = 607FACCB1AFB9204008FA782 /* Build configuration list for PBXProject "CKLNetworkLibrary" */;
			compatibilityVersion = "Xcode 3.2";
			developmentRegion = English;
			hasScannedForEncodings = 0;
			knownRegions = (
				English,
				en,
				Base,
			);
			mainGroup = 607FACC71AFB9204008FA782;
			productRefGroup = 607FACD11AFB9204008FA782 /* Products */;
			projectDirPath = "";
			projectRoot = "";
			targets = (
				607FACCF1AFB9204008FA782 /* CKLNetworkLibrary_Example */,
				607FACE41AFB9204008FA782 /* CKLNetworkLibrary_Tests */,
			);
		};
/* End PBXProject section */

/* Begin PBXResourcesBuildPhase section */
		607FACCE1AFB9204008FA782 /* Resources */ = {
			isa = PBXResourcesBuildPhase;
			buildActionMask = 2147483647;
			files = (
				1B7D7B9524BDDAFB00B10F7C /* Config.plist in Resources */,
				1B7D7B7924BC9FA900B10F7C /* responseEmpty.json in Resources */,
				1B7D7B7724BC9FA600B10F7C /* responseTest.json in Resources */,
				1B7D7B9124BDCFA000B10F7C /* ExempleViewController.xib in Resources */,
				1B7D7B5524BC925800B10F7C /* Assets.xcassets in Resources */,
				1B7D7B5624BC925800B10F7C /* LaunchScreen.storyboard in Resources */,
			);
			runOnlyForDeploymentPostprocessing = 0;
		};
		607FACE31AFB9204008FA782 /* Resources */ = {
			isa = PBXResourcesBuildPhase;
			buildActionMask = 2147483647;
			files = (
				1B7D7B7824BC9FA800B10F7C /* responseEmpty.json in Resources */,
				1B7D7B7624BC9FA600B10F7C /* responseTest.json in Resources */,
			);
			runOnlyForDeploymentPostprocessing = 0;
		};
/* End PBXResourcesBuildPhase section */

/* Begin PBXShellScriptBuildPhase section */
		AA2287B9EB60C2A446D6C0FC /* [CP] Embed Pods Frameworks */ = {
			isa = PBXShellScriptBuildPhase;
			buildActionMask = 2147483647;
			files = (
			);
			inputPaths = (
				"${PODS_ROOT}/Target Support Files/Pods-CKLNetworkLibrary_Example/Pods-CKLNetworkLibrary_Example-frameworks.sh",
				"${BUILT_PRODUCTS_DIR}/Alamofire/Alamofire.framework",
				"${BUILT_PRODUCTS_DIR}/CKLNetworkLibrary/CKLNetworkLibrary.framework",
			);
			name = "[CP] Embed Pods Frameworks";
			outputPaths = (
				"${TARGET_BUILD_DIR}/${FRAMEWORKS_FOLDER_PATH}/Alamofire.framework",
				"${TARGET_BUILD_DIR}/${FRAMEWORKS_FOLDER_PATH}/CKLNetworkLibrary.framework",
			);
			runOnlyForDeploymentPostprocessing = 0;
			shellPath = /bin/sh;
			shellScript = "\"${PODS_ROOT}/Target Support Files/Pods-CKLNetworkLibrary_Example/Pods-CKLNetworkLibrary_Example-frameworks.sh\"\n";
			showEnvVarsInLog = 0;
		};
		C507E3547281B08C408C15BF /* [CP] Check Pods Manifest.lock */ = {
			isa = PBXShellScriptBuildPhase;
			buildActionMask = 2147483647;
			files = (
			);
			inputFileListPaths = (
			);
			inputPaths = (
				"${PODS_PODFILE_DIR_PATH}/Podfile.lock",
				"${PODS_ROOT}/Manifest.lock",
			);
			name = "[CP] Check Pods Manifest.lock";
			outputFileListPaths = (
			);
			outputPaths = (
				"$(DERIVED_FILE_DIR)/Pods-CKLNetworkLibrary_Tests-checkManifestLockResult.txt",
			);
			runOnlyForDeploymentPostprocessing = 0;
			shellPath = /bin/sh;
			shellScript = "diff \"${PODS_PODFILE_DIR_PATH}/Podfile.lock\" \"${PODS_ROOT}/Manifest.lock\" > /dev/null\nif [ $? != 0 ] ; then\n    # print error to STDERR\n    echo \"error: The sandbox is not in sync with the Podfile.lock. Run 'pod install' or update your CocoaPods installation.\" >&2\n    exit 1\nfi\n# This output is used by Xcode 'outputs' to avoid re-running this script phase.\necho \"SUCCESS\" > \"${SCRIPT_OUTPUT_FILE_0}\"\n";
			showEnvVarsInLog = 0;
		};
		C5C4ADC77C7BA6DEE99D5E30 /* [CP] Check Pods Manifest.lock */ = {
			isa = PBXShellScriptBuildPhase;
			buildActionMask = 2147483647;
			files = (
			);
			inputFileListPaths = (
			);
			inputPaths = (
				"${PODS_PODFILE_DIR_PATH}/Podfile.lock",
				"${PODS_ROOT}/Manifest.lock",
			);
			name = "[CP] Check Pods Manifest.lock";
			outputFileListPaths = (
			);
			outputPaths = (
				"$(DERIVED_FILE_DIR)/Pods-CKLNetworkLibrary_Example-checkManifestLockResult.txt",
			);
			runOnlyForDeploymentPostprocessing = 0;
			shellPath = /bin/sh;
			shellScript = "diff \"${PODS_PODFILE_DIR_PATH}/Podfile.lock\" \"${PODS_ROOT}/Manifest.lock\" > /dev/null\nif [ $? != 0 ] ; then\n    # print error to STDERR\n    echo \"error: The sandbox is not in sync with the Podfile.lock. Run 'pod install' or update your CocoaPods installation.\" >&2\n    exit 1\nfi\n# This output is used by Xcode 'outputs' to avoid re-running this script phase.\necho \"SUCCESS\" > \"${SCRIPT_OUTPUT_FILE_0}\"\n";
			showEnvVarsInLog = 0;
		};
/* End PBXShellScriptBuildPhase section */

/* Begin PBXSourcesBuildPhase section */
		607FACCC1AFB9204008FA782 /* Sources */ = {
			isa = PBXSourcesBuildPhase;
			buildActionMask = 2147483647;
			files = (
				1B7D7B9324BDD27100B10F7C /* UIViewController+Extension.swift in Sources */,
				1B7D7B6524BC92A900B10F7C /* AppDelegate.swift in Sources */,
				1B7D7B6324BC925800B10F7C /* Config.swift in Sources */,
				1B7D7B7024BC932800B10F7C /* Mocks.swift in Sources */,
				1B7D7B5E24BC925800B10F7C /* ExempleResources.swift in Sources */,
				1B7D7B6224BC925800B10F7C /* Dynamic.swift in Sources */,
				1B7D7B5224BC925800B10F7C /* AppCoordinator.swift in Sources */,
				1B7D7B5D24BC925800B10F7C /* ExempleService.swift in Sources */,
				1B7D7B5424BC925800B10F7C /* String+Extension.swift in Sources */,
				1B7D7B5B24BC925800B10F7C /* ResponseTest.swift in Sources */,
				1B7D7B9824BDDCDC00B10F7C /* ExempleStub.swift in Sources */,
				1B7D7B5F24BC925800B10F7C /* ExempleViewController.swift in Sources */,
				1B7D7B5324BC925800B10F7C /* NSObject+Extension.swift in Sources */,
				1B7D7B5A24BC925800B10F7C /* ExempleCoordinator.swift in Sources */,
				1B7D7B5924BC925800B10F7C /* ExempleViewModel.swift in Sources */,
				1B7D7B6F24BC932800B10F7C /* FileDecoder.swift in Sources */,
			);
			runOnlyForDeploymentPostprocessing = 0;
		};
		607FACE11AFB9204008FA782 /* Sources */ = {
			isa = PBXSourcesBuildPhase;
			buildActionMask = 2147483647;
			files = (
				1B7D7B9424BDD53800B10F7C /* UIViewController+Extension.swift in Sources */,
				1B7D7B8124BDCD8300B10F7C /* ResponseTest.swift in Sources */,
				1B7D7B8224BDCD8E00B10F7C /* ExempleService.swift in Sources */,
				1B7D7B8624BDCDB400B10F7C /* NSObject+Extension.swift in Sources */,
				1B7D7B8B24BDCDBC00B10F7C /* AppDelegate.swift in Sources */,
				1B7D7B8F24BDCDE000B10F7C /* ExempleViewController.swift in Sources */,
				1B7D7B7A24BC9FAC00B10F7C /* Mocks.swift in Sources */,
				1B7D7B8A24BDCDB900B10F7C /* Config.swift in Sources */,
				1B7D7B8324BDCD8E00B10F7C /* ExempleResources.swift in Sources */,
				1B7D7B8524BDCD9800B10F7C /* ExempleViewModel.swift in Sources */,
				1B7D7B9924BDDCE000B10F7C /* ExempleStub.swift in Sources */,
				1B7D7B8424BDCD9400B10F7C /* ExempleCoordinator.swift in Sources */,
				1B7D7B9B24BDDE3800B10F7C /* ExempleTests.swift in Sources */,
				1B7D7B8924BDCDB900B10F7C /* Dynamic.swift in Sources */,
				1B7D7B8C24BDCDBC00B10F7C /* AppCoordinator.swift in Sources */,
				1B7D7B8724BDCDB400B10F7C /* String+Extension.swift in Sources */,
				1B7D7B7B24BC9FAF00B10F7C /* FileDecoder.swift in Sources */,
			);
			runOnlyForDeploymentPostprocessing = 0;
		};
/* End PBXSourcesBuildPhase section */

/* Begin PBXTargetDependency section */
		607FACE71AFB9204008FA782 /* PBXTargetDependency */ = {
			isa = PBXTargetDependency;
			target = 607FACCF1AFB9204008FA782 /* CKLNetworkLibrary_Example */;
			targetProxy = 607FACE61AFB9204008FA782 /* PBXContainerItemProxy */;
		};
/* End PBXTargetDependency section */

/* Begin PBXVariantGroup section */
		1B7D7B3A24BC925800B10F7C /* LaunchScreen.storyboard */ = {
			isa = PBXVariantGroup;
			children = (
				1B7D7B3B24BC925800B10F7C /* Base */,
			);
			name = LaunchScreen.storyboard;
			sourceTree = "<group>";
		};
/* End PBXVariantGroup section */

/* Begin XCBuildConfiguration section */
		607FACED1AFB9204008FA782 /* Debug */ = {
			isa = XCBuildConfiguration;
			buildSettings = {
				ALWAYS_SEARCH_USER_PATHS = NO;
				CLANG_CXX_LANGUAGE_STANDARD = "gnu++0x";
				CLANG_CXX_LIBRARY = "libc++";
				CLANG_ENABLE_MODULES = YES;
				CLANG_ENABLE_OBJC_ARC = YES;
				CLANG_WARN_BLOCK_CAPTURE_AUTORELEASING = YES;
				CLANG_WARN_BOOL_CONVERSION = YES;
				CLANG_WARN_COMMA = YES;
				CLANG_WARN_CONSTANT_CONVERSION = YES;
				CLANG_WARN_DIRECT_OBJC_ISA_USAGE = YES_ERROR;
				CLANG_WARN_EMPTY_BODY = YES;
				CLANG_WARN_ENUM_CONVERSION = YES;
				CLANG_WARN_INFINITE_RECURSION = YES;
				CLANG_WARN_INT_CONVERSION = YES;
				CLANG_WARN_NON_LITERAL_NULL_CONVERSION = YES;
				CLANG_WARN_OBJC_LITERAL_CONVERSION = YES;
				CLANG_WARN_OBJC_ROOT_CLASS = YES_ERROR;
				CLANG_WARN_RANGE_LOOP_ANALYSIS = YES;
				CLANG_WARN_STRICT_PROTOTYPES = YES;
				CLANG_WARN_SUSPICIOUS_MOVE = YES;
				CLANG_WARN_UNREACHABLE_CODE = YES;
				CLANG_WARN__DUPLICATE_METHOD_MATCH = YES;
				"CODE_SIGN_IDENTITY[sdk=iphoneos*]" = "iPhone Developer";
				COPY_PHASE_STRIP = NO;
				DEBUG_INFORMATION_FORMAT = "dwarf-with-dsym";
				ENABLE_STRICT_OBJC_MSGSEND = YES;
				ENABLE_TESTABILITY = YES;
				GCC_C_LANGUAGE_STANDARD = gnu99;
				GCC_DYNAMIC_NO_PIC = NO;
				GCC_NO_COMMON_BLOCKS = YES;
				GCC_OPTIMIZATION_LEVEL = 0;
				GCC_PREPROCESSOR_DEFINITIONS = (
					"DEBUG=1",
					"$(inherited)",
				);
				GCC_SYMBOLS_PRIVATE_EXTERN = NO;
				GCC_WARN_64_TO_32_BIT_CONVERSION = YES;
				GCC_WARN_ABOUT_RETURN_TYPE = YES_ERROR;
				GCC_WARN_UNDECLARED_SELECTOR = YES;
				GCC_WARN_UNINITIALIZED_AUTOS = YES_AGGRESSIVE;
				GCC_WARN_UNUSED_FUNCTION = YES;
				GCC_WARN_UNUSED_VARIABLE = YES;
				IPHONEOS_DEPLOYMENT_TARGET = 12.0;
				MTL_ENABLE_DEBUG_INFO = YES;
				ONLY_ACTIVE_ARCH = YES;
				SDKROOT = iphoneos;
				SWIFT_OPTIMIZATION_LEVEL = "-Onone";
			};
			name = Debug;
		};
		607FACEE1AFB9204008FA782 /* Release */ = {
			isa = XCBuildConfiguration;
			buildSettings = {
				ALWAYS_SEARCH_USER_PATHS = NO;
				CLANG_CXX_LANGUAGE_STANDARD = "gnu++0x";
				CLANG_CXX_LIBRARY = "libc++";
				CLANG_ENABLE_MODULES = YES;
				CLANG_ENABLE_OBJC_ARC = YES;
				CLANG_WARN_BLOCK_CAPTURE_AUTORELEASING = YES;
				CLANG_WARN_BOOL_CONVERSION = YES;
				CLANG_WARN_COMMA = YES;
				CLANG_WARN_CONSTANT_CONVERSION = YES;
				CLANG_WARN_DIRECT_OBJC_ISA_USAGE = YES_ERROR;
				CLANG_WARN_EMPTY_BODY = YES;
				CLANG_WARN_ENUM_CONVERSION = YES;
				CLANG_WARN_INFINITE_RECURSION = YES;
				CLANG_WARN_INT_CONVERSION = YES;
				CLANG_WARN_NON_LITERAL_NULL_CONVERSION = YES;
				CLANG_WARN_OBJC_LITERAL_CONVERSION = YES;
				CLANG_WARN_OBJC_ROOT_CLASS = YES_ERROR;
				CLANG_WARN_RANGE_LOOP_ANALYSIS = YES;
				CLANG_WARN_STRICT_PROTOTYPES = YES;
				CLANG_WARN_SUSPICIOUS_MOVE = YES;
				CLANG_WARN_UNREACHABLE_CODE = YES;
				CLANG_WARN__DUPLICATE_METHOD_MATCH = YES;
				"CODE_SIGN_IDENTITY[sdk=iphoneos*]" = "iPhone Developer";
				COPY_PHASE_STRIP = NO;
				DEBUG_INFORMATION_FORMAT = "dwarf-with-dsym";
				ENABLE_NS_ASSERTIONS = NO;
				ENABLE_STRICT_OBJC_MSGSEND = YES;
				GCC_C_LANGUAGE_STANDARD = gnu99;
				GCC_NO_COMMON_BLOCKS = YES;
				GCC_WARN_64_TO_32_BIT_CONVERSION = YES;
				GCC_WARN_ABOUT_RETURN_TYPE = YES_ERROR;
				GCC_WARN_UNDECLARED_SELECTOR = YES;
				GCC_WARN_UNINITIALIZED_AUTOS = YES_AGGRESSIVE;
				GCC_WARN_UNUSED_FUNCTION = YES;
				GCC_WARN_UNUSED_VARIABLE = YES;
				IPHONEOS_DEPLOYMENT_TARGET = 12.0;
				MTL_ENABLE_DEBUG_INFO = NO;
				SDKROOT = iphoneos;
				SWIFT_OPTIMIZATION_LEVEL = "-Owholemodule";
				VALIDATE_PRODUCT = YES;
			};
			name = Release;
		};
		607FACF01AFB9204008FA782 /* Debug */ = {
			isa = XCBuildConfiguration;
			baseConfigurationReference = 42D83859CC5521C89CBC1102 /* Pods-CKLNetworkLibrary_Example.debug.xcconfig */;
			buildSettings = {
				ASSETCATALOG_COMPILER_APPICON_NAME = AppIcon;
				DEVELOPMENT_TEAM = K3UK62DH5A;
				INFOPLIST_FILE = "$(SRCROOT)/CKLNetworkLibrary/Resources/Info.plist";
				IPHONEOS_DEPLOYMENT_TARGET = 12.0;
				LD_RUNPATH_SEARCH_PATHS = "$(inherited) @executable_path/Frameworks";
				MODULE_NAME = ExampleApp;
				PRODUCT_BUNDLE_IDENTIFIER = "org.cocoapods.demo.$(PRODUCT_NAME:rfc1034identifier)";
				PRODUCT_NAME = "$(TARGET_NAME)";
				SWIFT_SWIFT3_OBJC_INFERENCE = Default;
				SWIFT_VERSION = 4.0;
			};
			name = Debug;
		};
		607FACF11AFB9204008FA782 /* Release */ = {
			isa = XCBuildConfiguration;
			baseConfigurationReference = C1A6E4C82BD2C5F7E8E8563C /* Pods-CKLNetworkLibrary_Example.release.xcconfig */;
			buildSettings = {
				ASSETCATALOG_COMPILER_APPICON_NAME = AppIcon;
				DEVELOPMENT_TEAM = K3UK62DH5A;
				INFOPLIST_FILE = "$(SRCROOT)/CKLNetworkLibrary/Resources/Info.plist";
				IPHONEOS_DEPLOYMENT_TARGET = 12.0;
				LD_RUNPATH_SEARCH_PATHS = "$(inherited) @executable_path/Frameworks";
				MODULE_NAME = ExampleApp;
				PRODUCT_BUNDLE_IDENTIFIER = "org.cocoapods.demo.$(PRODUCT_NAME:rfc1034identifier)";
				PRODUCT_NAME = "$(TARGET_NAME)";
				SWIFT_SWIFT3_OBJC_INFERENCE = Default;
				SWIFT_VERSION = 4.0;
			};
			name = Release;
		};
		607FACF31AFB9204008FA782 /* Debug */ = {
			isa = XCBuildConfiguration;
			baseConfigurationReference = 3821796040C2A5955A07B954 /* Pods-CKLNetworkLibrary_Tests.debug.xcconfig */;
			buildSettings = {
				FRAMEWORK_SEARCH_PATHS = (
					"$(PLATFORM_DIR)/Developer/Library/Frameworks",
					"$(inherited)",
				);
				GCC_PREPROCESSOR_DEFINITIONS = (
					"DEBUG=1",
					"$(inherited)",
				);
				INFOPLIST_FILE = Tests/Info.plist;
				LD_RUNPATH_SEARCH_PATHS = "$(inherited) @executable_path/Frameworks @loader_path/Frameworks";
				PRODUCT_BUNDLE_IDENTIFIER = "org.cocoapods.$(PRODUCT_NAME:rfc1034identifier)";
				PRODUCT_NAME = "$(TARGET_NAME)";
				SWIFT_SWIFT3_OBJC_INFERENCE = Default;
				SWIFT_VERSION = 4.0;
				TEST_HOST = "$(BUILT_PRODUCTS_DIR)/CKLNetworkLibrary_Example.app/CKLNetworkLibrary_Example";
			};
			name = Debug;
		};
		607FACF41AFB9204008FA782 /* Release */ = {
			isa = XCBuildConfiguration;
			baseConfigurationReference = 61AFECB3379A29C3C0D8B495 /* Pods-CKLNetworkLibrary_Tests.release.xcconfig */;
			buildSettings = {
				FRAMEWORK_SEARCH_PATHS = (
					"$(PLATFORM_DIR)/Developer/Library/Frameworks",
					"$(inherited)",
				);
				INFOPLIST_FILE = Tests/Info.plist;
				LD_RUNPATH_SEARCH_PATHS = "$(inherited) @executable_path/Frameworks @loader_path/Frameworks";
				PRODUCT_BUNDLE_IDENTIFIER = "org.cocoapods.$(PRODUCT_NAME:rfc1034identifier)";
				PRODUCT_NAME = "$(TARGET_NAME)";
				SWIFT_SWIFT3_OBJC_INFERENCE = Default;
				SWIFT_VERSION = 4.0;
				TEST_HOST = "$(BUILT_PRODUCTS_DIR)/CKLNetworkLibrary_Example.app/CKLNetworkLibrary_Example";
			};
			name = Release;
		};
/* End XCBuildConfiguration section */

/* Begin XCConfigurationList section */
		607FACCB1AFB9204008FA782 /* Build configuration list for PBXProject "CKLNetworkLibrary" */ = {
			isa = XCConfigurationList;
			buildConfigurations = (
				607FACED1AFB9204008FA782 /* Debug */,
				607FACEE1AFB9204008FA782 /* Release */,
			);
			defaultConfigurationIsVisible = 0;
			defaultConfigurationName = Release;
		};
		607FACEF1AFB9204008FA782 /* Build configuration list for PBXNativeTarget "CKLNetworkLibrary_Example" */ = {
			isa = XCConfigurationList;
			buildConfigurations = (
				607FACF01AFB9204008FA782 /* Debug */,
				607FACF11AFB9204008FA782 /* Release */,
			);
			defaultConfigurationIsVisible = 0;
			defaultConfigurationName = Release;
		};
		607FACF21AFB9204008FA782 /* Build configuration list for PBXNativeTarget "CKLNetworkLibrary_Tests" */ = {
			isa = XCConfigurationList;
			buildConfigurations = (
				607FACF31AFB9204008FA782 /* Debug */,
				607FACF41AFB9204008FA782 /* Release */,
			);
			defaultConfigurationIsVisible = 0;
			defaultConfigurationName = Release;
		};
/* End XCConfigurationList section */
	};
	rootObject = 607FACC81AFB9204008FA782 /* Project object */;
}
